SITE
  remote: http://community.opscode.com/api/v1
  specs:
    7-zip (1.0.2)
      windows (>= 1.2.2)
    apt (2.9.2)
    ark (0.9.0)
      7-zip (>= 0.0.0)
      windows (>= 0.0.0)
    build-essential (2.2.4)
    chef-sugar (3.2.0)
    chef_gem (0.1.0)
    chef_handler (1.2.0)
    cron (1.7.3)
    database (4.0.9)
      postgresql (>= 1.0.0)
    homebrew (2.0.3)
      build-essential (>= 2.1.2)
    hostsfile (2.4.5)
    nodejs (2.4.4)
      apt (>= 0.0.0)
      ark (>= 0.0.0)
      build-essential (>= 0.0.0)
      homebrew (>= 0.0.0)
      yum-epel (>= 0.0.0)
    openssl (4.4.0)
      chef-sugar (>= 3.1.1)
    postgresql (3.4.24)
      apt (>= 1.9.0)
      build-essential (>= 0.0.0)
      openssl (~> 4.0)
    ruby_build (0.8.0)
    rvm (0.9.4)
      chef_gem (>= 0.0.0)
    system (0.10.1)
      apt (>= 0.0.0)
      cron (>= 0.0.0)
      hostsfile (>= 0.0.0)
    vim (2.0.0)
    windows (1.39.0)
      chef_handler (>= 0.0.0)
    yum (3.8.2)
    yum-epel (0.6.5)
      yum (~> 3.2)

DEPENDENCIES
  apt (>= 0)
  build-essential (>= 0)
  database (>= 0)
  nodejs (>= 0)
  postgresql (>= 0)
  ruby_build (>= 0)
  rvm (>= 0)
  system (>= 0)
  vim (>= 0)

